
Microsoft Visual Studio Solution File, Format Version 12.00
# Visual Studio Version 17
VisualStudioVersion = 17.11.35303.130
MinimumVisualStudioVersion = 10.0.40219.1
Project("{2150E333-8FDC-42A3-9474-1A3956D46DE8}") = "Task0", "Task0", "{433DAC51-6DF5-447C-87E7-A3F5A4F92A7A}"
EndProject
Project("{FAE04EC0-301F-11D3-BF4B-00C04F79EFBC}") = "Tyuiu.AsharabzyanovaAR.Sprint0.Task0.V0", "Tyuiu.AsharabzyanovaAR.Sprint0.Task0.V0\Tyuiu.AsharabzyanovaAR.Sprint0.Task0.V0.csproj", "{0FDDE027-9FDF-44FC-AD73-81E8D8523C73}"
EndProject
Global
	GlobalSection(SolutionConfigurationPlatforms) = preSolution
		Debug|Any CPU = Debug|Any CPU
		Release|Any CPU = Release|Any CPU
	EndGlobalSection
	GlobalSection(ProjectConfigurationPlatforms) = postSolution
		{0FDDE027-9FDF-44FC-AD73-81E8D8523C73}.Debug|Any CPU.ActiveCfg = Debug|Any CPU
		{0FDDE027-9FDF-44FC-AD73-81E8D8523C73}.Debug|Any CPU.Build.0 = Debug|Any CPU
		{0FDDE027-9FDF-44FC-AD73-81E8D8523C73}.Release|Any CPU.ActiveCfg = Release|Any CPU
		{0FDDE027-9FDF-44FC-AD73-81E8D8523C73}.Release|Any CPU.Build.0 = Release|Any CPU
	EndGlobalSection
	GlobalSection(SolutionProperties) = preSolution
		HideSolutionNode = FALSE
	EndGlobalSection
	GlobalSection(NestedProjects) = preSolution
		{0FDDE027-9FDF-44FC-AD73-81E8D8523C73} = {433DAC51-6DF5-447C-87E7-A3F5A4F92A7A}
	EndGlobalSection
	GlobalSection(ExtensibilityGlobals) = postSolution
		SolutionGuid = {4A43287F-2B87-48BA-B608-E36D278ED40B}
	EndGlobalSection
EndGlobal
