
Microsoft Visual Studio Solution File, Format Version 12.00
# Visual Studio Version 17
VisualStudioVersion = 17.11.35303.130
MinimumVisualStudioVersion = 10.0.40219.1
Project("{2150E333-8FDC-42A3-9474-1A3956D46DE8}") = "Task0", "Task0", "{433DAC51-6DF5-447C-87E7-A3F5A4F92A7A}"
EndProject
Project("{FAE04EC0-301F-11D3-BF4B-00C04F79EFBC}") = "Tyuiu.AsharabzyanovaAR.Sprint0.Task0.V0", "Tyuiu.AsharabzyanovaAR.Sprint0.Task0.V0\Tyuiu.AsharabzyanovaAR.Sprint0.Task0.V0.csproj", "{0FDDE027-9FDF-44FC-AD73-81E8D8523C73}"
EndProject
Project("{2150E333-8FDC-42A3-9474-1A3956D46DE8}") = "Task1", "Task1", "{B0FA2460-7C45-4502-BED6-D17C4CB567D9}"
EndProject
Project("{FAE04EC0-301F-11D3-BF4B-00C04F79EFBC}") = "Tyuiu.AsharabzyanovaAR.Sprint0.Task1.V0", "Tyuiu.AsharabzyanovaAR.Sprint0.Task1.V0\Tyuiu.AsharabzyanovaAR.Sprint0.Task1.V0.csproj", "{1481C9BF-458E-42DF-BDCB-4C62B8498554}"
EndProject
Project("{2150E333-8FDC-42A3-9474-1A3956D46DE8}") = "Task2", "Task2", "{5267F287-AD3E-426F-B793-499878BDF508}"
EndProject
Project("{2150E333-8FDC-42A3-9474-1A3956D46DE8}") = "Task3", "Task3", "{9CA9CE0B-4F17-44C3-BBBD-36C80931B1FC}"
EndProject
Project("{FAE04EC0-301F-11D3-BF4B-00C04F79EFBC}") = "Tyuiu.AsharabzyanovaAR.Sprint0.Task3.V0", "Tyuiu.AsharabzyanovaAR.Sprint0.Task3.V0\Tyuiu.AsharabzyanovaAR.Sprint0.Task3.V0.csproj", "{F9B36413-F4A8-4087-B0A9-AB0798AA62C1}"
EndProject
Project("{FAE04EC0-301F-11D3-BF4B-00C04F79EFBC}") = "Tyuiu.AsharabzyanovaAR.Sprint0.Task3.V0.Lib", "Tyuiu.AsharabzyanovaAR.Sprint0.Task3.V0.Lib\Tyuiu.AsharabzyanovaAR.Sprint0.Task3.V0.Lib.csproj", "{896C9C2C-9328-4C93-8018-EA9A81E0ABC1}"
EndProject
Project("{FAE04EC0-301F-11D3-BF4B-00C04F79EFBC}") = "Tyuiu.AsharabzyanovaAR.Sprint0.Task3.V0.Test", "Tyuiu.AsharabzyanovaAR.Sprint0.Task3.V0.Test\Tyuiu.AsharabzyanovaAR.Sprint0.Task3.V0.Test.csproj", "{F7795939-6A1E-43AA-A899-B9A7A2467066}"
EndProject
Project("{FAE04EC0-301F-11D3-BF4B-00C04F79EFBC}") = "Tyuiu.AsharabzyanovaAR.Sprint0.Task2.V0", "Tyuiu.AsharabzyanovaAR.Sprint0.Task2.V0\Tyuiu.AsharabzyanovaAR.Sprint0.Task2.V0.csproj", "{7E846BF7-8F5D-418A-AEF1-C275E50AAA95}"
EndProject
Project("{FAE04EC0-301F-11D3-BF4B-00C04F79EFBC}") = "Tyuiu.AsharabzyanovaAR.Sprint0.Task2.V0.Lib", "Tyuiu.AsharabzyanovaAR.Sprint0.Task2.V0.LIb\Tyuiu.AsharabzyanovaAR.Sprint0.Task2.V0.Lib.csproj", "{E16454A5-19F4-48A4-BC76-8BABD21F6538}"
EndProject
Project("{FAE04EC0-301F-11D3-BF4B-00C04F79EFBC}") = "Tyuiu.AsharabzyanovaAR.Sprint0.Task2.V0.Test", "Tyuiu.AsharabzyanovaAR.Sprint0.Task2.V0.Test\Tyuiu.AsharabzyanovaAR.Sprint0.Task2.V0.Test.csproj", "{3F28E1EA-FE49-4996-8941-2C2A14701F9F}"
EndProject
Project("{2150E333-8FDC-42A3-9474-1A3956D46DE8}") = "Task4", "Task4", "{9F78429E-1173-4525-8082-E6EFB15D6D38}"
EndProject
Project("{FAE04EC0-301F-11D3-BF4B-00C04F79EFBC}") = "Tyuiu.AsharabzyanovaAR.Sprint0.Task4.V0", "Tyuiu.AsharabzyanovaAR.Sprint0.Task4.V0\Tyuiu.AsharabzyanovaAR.Sprint0.Task4.V0.csproj", "{734A9331-AD09-4D65-98C6-726B1CCE9F0C}"
EndProject
Project("{FAE04EC0-301F-11D3-BF4B-00C04F79EFBC}") = "Tyuiu.AsharabzyanovaAR.Sprint0.Task4.V0.Lib", "Tyuiu.AsharabzyanovaAR.Sprint0.Task4.V0.Lib\Tyuiu.AsharabzyanovaAR.Sprint0.Task4.V0.Lib.csproj", "{931DA830-5CFA-49B4-AA83-A646B7B9D5DF}"
EndProject
Project("{FAE04EC0-301F-11D3-BF4B-00C04F79EFBC}") = "Tyuiu.AsharabzyanovaAR.Sprint0.Task4.V0.Test", "Tyuiu.AsharabzyanovaAR.Sprint0.Task4.V0.Test\Tyuiu.AsharabzyanovaAR.Sprint0.Task4.V0.Test.csproj", "{EF5EA002-5C69-49E0-9197-581644DDFC67}"
EndProject
Global
	GlobalSection(SolutionConfigurationPlatforms) = preSolution
		Debug|Any CPU = Debug|Any CPU
		Release|Any CPU = Release|Any CPU
	EndGlobalSection
	GlobalSection(ProjectConfigurationPlatforms) = postSolution
		{0FDDE027-9FDF-44FC-AD73-81E8D8523C73}.Debug|Any CPU.ActiveCfg = Debug|Any CPU
		{0FDDE027-9FDF-44FC-AD73-81E8D8523C73}.Debug|Any CPU.Build.0 = Debug|Any CPU
		{0FDDE027-9FDF-44FC-AD73-81E8D8523C73}.Release|Any CPU.ActiveCfg = Release|Any CPU
		{0FDDE027-9FDF-44FC-AD73-81E8D8523C73}.Release|Any CPU.Build.0 = Release|Any CPU
		{1481C9BF-458E-42DF-BDCB-4C62B8498554}.Debug|Any CPU.ActiveCfg = Debug|Any CPU
		{1481C9BF-458E-42DF-BDCB-4C62B8498554}.Debug|Any CPU.Build.0 = Debug|Any CPU
		{1481C9BF-458E-42DF-BDCB-4C62B8498554}.Release|Any CPU.ActiveCfg = Release|Any CPU
		{1481C9BF-458E-42DF-BDCB-4C62B8498554}.Release|Any CPU.Build.0 = Release|Any CPU
		{F9B36413-F4A8-4087-B0A9-AB0798AA62C1}.Debug|Any CPU.ActiveCfg = Debug|Any CPU
		{F9B36413-F4A8-4087-B0A9-AB0798AA62C1}.Debug|Any CPU.Build.0 = Debug|Any CPU
		{F9B36413-F4A8-4087-B0A9-AB0798AA62C1}.Release|Any CPU.ActiveCfg = Release|Any CPU
		{F9B36413-F4A8-4087-B0A9-AB0798AA62C1}.Release|Any CPU.Build.0 = Release|Any CPU
		{896C9C2C-9328-4C93-8018-EA9A81E0ABC1}.Debug|Any CPU.ActiveCfg = Debug|Any CPU
		{896C9C2C-9328-4C93-8018-EA9A81E0ABC1}.Debug|Any CPU.Build.0 = Debug|Any CPU
		{896C9C2C-9328-4C93-8018-EA9A81E0ABC1}.Release|Any CPU.ActiveCfg = Release|Any CPU
		{896C9C2C-9328-4C93-8018-EA9A81E0ABC1}.Release|Any CPU.Build.0 = Release|Any CPU
		{F7795939-6A1E-43AA-A899-B9A7A2467066}.Debug|Any CPU.ActiveCfg = Debug|Any CPU
		{F7795939-6A1E-43AA-A899-B9A7A2467066}.Debug|Any CPU.Build.0 = Debug|Any CPU
		{F7795939-6A1E-43AA-A899-B9A7A2467066}.Release|Any CPU.ActiveCfg = Release|Any CPU
		{F7795939-6A1E-43AA-A899-B9A7A2467066}.Release|Any CPU.Build.0 = Release|Any CPU
		{7E846BF7-8F5D-418A-AEF1-C275E50AAA95}.Debug|Any CPU.ActiveCfg = Debug|Any CPU
		{7E846BF7-8F5D-418A-AEF1-C275E50AAA95}.Debug|Any CPU.Build.0 = Debug|Any CPU
		{7E846BF7-8F5D-418A-AEF1-C275E50AAA95}.Release|Any CPU.ActiveCfg = Release|Any CPU
		{7E846BF7-8F5D-418A-AEF1-C275E50AAA95}.Release|Any CPU.Build.0 = Release|Any CPU
		{E16454A5-19F4-48A4-BC76-8BABD21F6538}.Debug|Any CPU.ActiveCfg = Debug|Any CPU
		{E16454A5-19F4-48A4-BC76-8BABD21F6538}.Debug|Any CPU.Build.0 = Debug|Any CPU
		{E16454A5-19F4-48A4-BC76-8BABD21F6538}.Release|Any CPU.ActiveCfg = Release|Any CPU
		{E16454A5-19F4-48A4-BC76-8BABD21F6538}.Release|Any CPU.Build.0 = Release|Any CPU
		{3F28E1EA-FE49-4996-8941-2C2A14701F9F}.Debug|Any CPU.ActiveCfg = Debug|Any CPU
		{3F28E1EA-FE49-4996-8941-2C2A14701F9F}.Debug|Any CPU.Build.0 = Debug|Any CPU
		{3F28E1EA-FE49-4996-8941-2C2A14701F9F}.Release|Any CPU.ActiveCfg = Release|Any CPU
		{3F28E1EA-FE49-4996-8941-2C2A14701F9F}.Release|Any CPU.Build.0 = Release|Any CPU
		{734A9331-AD09-4D65-98C6-726B1CCE9F0C}.Debug|Any CPU.ActiveCfg = Debug|Any CPU
		{734A9331-AD09-4D65-98C6-726B1CCE9F0C}.Debug|Any CPU.Build.0 = Debug|Any CPU
		{734A9331-AD09-4D65-98C6-726B1CCE9F0C}.Release|Any CPU.ActiveCfg = Release|Any CPU
		{734A9331-AD09-4D65-98C6-726B1CCE9F0C}.Release|Any CPU.Build.0 = Release|Any CPU
		{931DA830-5CFA-49B4-AA83-A646B7B9D5DF}.Debug|Any CPU.ActiveCfg = Debug|Any CPU
		{931DA830-5CFA-49B4-AA83-A646B7B9D5DF}.Debug|Any CPU.Build.0 = Debug|Any CPU
		{931DA830-5CFA-49B4-AA83-A646B7B9D5DF}.Release|Any CPU.ActiveCfg = Release|Any CPU
		{931DA830-5CFA-49B4-AA83-A646B7B9D5DF}.Release|Any CPU.Build.0 = Release|Any CPU
		{EF5EA002-5C69-49E0-9197-581644DDFC67}.Debug|Any CPU.ActiveCfg = Debug|Any CPU
		{EF5EA002-5C69-49E0-9197-581644DDFC67}.Debug|Any CPU.Build.0 = Debug|Any CPU
		{EF5EA002-5C69-49E0-9197-581644DDFC67}.Release|Any CPU.ActiveCfg = Release|Any CPU
		{EF5EA002-5C69-49E0-9197-581644DDFC67}.Release|Any CPU.Build.0 = Release|Any CPU
	EndGlobalSection
	GlobalSection(SolutionProperties) = preSolution
		HideSolutionNode = FALSE
	EndGlobalSection
	GlobalSection(NestedProjects) = preSolution
		{0FDDE027-9FDF-44FC-AD73-81E8D8523C73} = {433DAC51-6DF5-447C-87E7-A3F5A4F92A7A}
		{1481C9BF-458E-42DF-BDCB-4C62B8498554} = {B0FA2460-7C45-4502-BED6-D17C4CB567D9}
		{F9B36413-F4A8-4087-B0A9-AB0798AA62C1} = {9CA9CE0B-4F17-44C3-BBBD-36C80931B1FC}
		{896C9C2C-9328-4C93-8018-EA9A81E0ABC1} = {9CA9CE0B-4F17-44C3-BBBD-36C80931B1FC}
		{F7795939-6A1E-43AA-A899-B9A7A2467066} = {9CA9CE0B-4F17-44C3-BBBD-36C80931B1FC}
		{7E846BF7-8F5D-418A-AEF1-C275E50AAA95} = {5267F287-AD3E-426F-B793-499878BDF508}
		{E16454A5-19F4-48A4-BC76-8BABD21F6538} = {5267F287-AD3E-426F-B793-499878BDF508}
		{3F28E1EA-FE49-4996-8941-2C2A14701F9F} = {5267F287-AD3E-426F-B793-499878BDF508}
		{734A9331-AD09-4D65-98C6-726B1CCE9F0C} = {9F78429E-1173-4525-8082-E6EFB15D6D38}
		{931DA830-5CFA-49B4-AA83-A646B7B9D5DF} = {9F78429E-1173-4525-8082-E6EFB15D6D38}
		{EF5EA002-5C69-49E0-9197-581644DDFC67} = {9F78429E-1173-4525-8082-E6EFB15D6D38}
	EndGlobalSection
	GlobalSection(ExtensibilityGlobals) = postSolution
		SolutionGuid = {4A43287F-2B87-48BA-B608-E36D278ED40B}
	EndGlobalSection
EndGlobal
